
Microsoft Visual Studio Solution File, Format Version 12.00
# Visual Studio for Mac
Project("{FAE04EC0-301F-11D3-BF4B-00C04F79EFBC}") = "neural_jump", "neural_jump.csproj", "{5946E1EE-EF9C-8FF2-2FAA-431CDA0B5394}"
EndProject
Project("{FAE04EC0-301F-11D3-BF4B-00C04F79EFBC}") = "neural_jump.Editor", "neural_jump.Editor.csproj", "{3C0F53F0-F22D-B238-E2AA-783924563A55}"
EndProject
Global
	GlobalSection(SolutionConfigurationPlatforms) = preSolution
		Debug|Any CPU = Debug|Any CPU
		Release|Any CPU = Release|Any CPU
	EndGlobalSection
	GlobalSection(ProjectConfigurationPlatforms) = postSolution
		{5946E1EE-EF9C-8FF2-2FAA-431CDA0B5394}.Debug|Any CPU.ActiveCfg = Debug|Any CPU
		{5946E1EE-EF9C-8FF2-2FAA-431CDA0B5394}.Debug|Any CPU.Build.0 = Debug|Any CPU
		{5946E1EE-EF9C-8FF2-2FAA-431CDA0B5394}.Release|Any CPU.ActiveCfg = Release|Any CPU
		{5946E1EE-EF9C-8FF2-2FAA-431CDA0B5394}.Release|Any CPU.Build.0 = Release|Any CPU
		{3C0F53F0-F22D-B238-E2AA-783924563A55}.Debug|Any CPU.ActiveCfg = Debug|Any CPU
		{3C0F53F0-F22D-B238-E2AA-783924563A55}.Debug|Any CPU.Build.0 = Debug|Any CPU
		{3C0F53F0-F22D-B238-E2AA-783924563A55}.Release|Any CPU.ActiveCfg = Release|Any CPU
		{3C0F53F0-F22D-B238-E2AA-783924563A55}.Release|Any CPU.Build.0 = Release|Any CPU
	EndGlobalSection
	GlobalSection(SolutionProperties) = preSolution
		HideSolutionNode = FALSE
	EndGlobalSection
EndGlobal
